Microsoft Visual Studio Solution File, Format Version 12.00
# Visual Studio Version 17
VisualStudioVersion = 17.5.2.0
MinimumVisualStudioVersion = 10.0.40219.1
Project("{2150E333-8FDC-42A3-9474-1A3956D46DE8}") = "web_ui", "web_ui", "{196E8CE0-8B48-878D-E33E-1ECF49AEC761}"
EndProject
Project("{FAE04EC0-301F-11D3-BF4B-00C04F79EFBC}") = "ScoutWeb", "web_ui\ScoutWeb\ScoutWeb.csproj", "{C67B72EE-279A-3FD1-9643-D8B868733D01}"
EndProject
Global
	GlobalSection(SolutionConfigurationPlatforms) = preSolution
		Debug|Any CPU = Debug|Any CPU
		Release|Any CPU = Release|Any CPU
	EndGlobalSection
	GlobalSection(ProjectConfigurationPlatforms) = postSolution
		{C67B72EE-279A-3FD1-9643-D8B868733D01}.Debug|Any CPU.ActiveCfg = Debug|Any CPU
		{C67B72EE-279A-3FD1-9643-D8B868733D01}.Debug|Any CPU.Build.0 = Debug|Any CPU
		{C67B72EE-279A-3FD1-9643-D8B868733D01}.Release|Any CPU.ActiveCfg = Release|Any CPU
		{C67B72EE-279A-3FD1-9643-D8B868733D01}.Release|Any CPU.Build.0 = Release|Any CPU
	EndGlobalSection
	GlobalSection(SolutionProperties) = preSolution
		HideSolutionNode = FALSE
	EndGlobalSection
	GlobalSection(NestedProjects) = preSolution
		{C67B72EE-279A-3FD1-9643-D8B868733D01} = {196E8CE0-8B48-878D-E33E-1ECF49AEC761}
	EndGlobalSection
	GlobalSection(ExtensibilityGlobals) = postSolution
		SolutionGuid = {6959433F-F550-48CD-A065-D4FC7FFE4A41}
	EndGlobalSection
EndGlobal
